
Microsoft Visual Studio Solution File, Format Version 12.00
# Visual Studio Version 17
VisualStudioVersion = 17.0.32014.148
MinimumVisualStudioVersion = 10.0.40219.1
Project("{9A19103F-16F7-4668-BE54-9A1E7A4F7556}") = "KobukiCore", "KobukiCore\KobukiCore.csproj", "{D7055D27-BBDA-4E46-B4C9-FF86C52516DB}"
EndProject
Project("{FAE04EC0-301F-11D3-BF4B-00C04F79EFBC}") = "KobukiWPF", "KobukiWPF\KobukiWPF.csproj", "{4A022803-9051-4D35-9014-A75E2042444C}"
EndProject
Global
	GlobalSection(SolutionConfigurationPlatforms) = preSolution
		Debug|Any CPU = Debug|Any CPU
		Release|Any CPU = Release|Any CPU
	EndGlobalSection
	GlobalSection(ProjectConfigurationPlatforms) = postSolution
		{D7055D27-BBDA-4E46-B4C9-FF86C52516DB}.Debug|Any CPU.ActiveCfg = Debug|Any CPU
		{D7055D27-BBDA-4E46-B4C9-FF86C52516DB}.Debug|Any CPU.Build.0 = Debug|Any CPU
		{D7055D27-BBDA-4E46-B4C9-FF86C52516DB}.Release|Any CPU.ActiveCfg = Release|Any CPU
		{D7055D27-BBDA-4E46-B4C9-FF86C52516DB}.Release|Any CPU.Build.0 = Release|Any CPU
		{4A022803-9051-4D35-9014-A75E2042444C}.Debug|Any CPU.ActiveCfg = Debug|Any CPU
		{4A022803-9051-4D35-9014-A75E2042444C}.Debug|Any CPU.Build.0 = Debug|Any CPU
		{4A022803-9051-4D35-9014-A75E2042444C}.Release|Any CPU.ActiveCfg = Release|Any CPU
		{4A022803-9051-4D35-9014-A75E2042444C}.Release|Any CPU.Build.0 = Release|Any CPU
	EndGlobalSection
	GlobalSection(SolutionProperties) = preSolution
		HideSolutionNode = FALSE
	EndGlobalSection
	GlobalSection(ExtensibilityGlobals) = postSolution
		SolutionGuid = {D61F84E2-9DE9-4215-AB94-E8A369F50AAB}
	EndGlobalSection
EndGlobal
